
Microsoft Visual Studio Solution File, Format Version 12.00
# Visual Studio Version 17
VisualStudioVersion = 17.12.35707.178
MinimumVisualStudioVersion = 10.0.40219.1
Project("{FAE04EC0-301F-11D3-BF4B-00C04F79EFBC}") = "HelloWorld", "HelloWorld\HelloWorld.csproj", "{AB59DE81-A542-4DCE-804F-2D3B2BCEF237}"
EndProject
Project("{FAE04EC0-301F-11D3-BF4B-00C04F79EFBC}") = "ClassesApp", "ClassesApp\ClassesApp.csproj", "{0583639B-32F0-44F7-AF11-0CBFE57C1D0C}"
EndProject
Project("{FAE04EC0-301F-11D3-BF4B-00C04F79EFBC}") = "ListsApp", "ListsApp\ListsApp.csproj", "{AF7BA198-4C13-4719-984F-716C98E68AAB}"
EndProject
Project("{FAE04EC0-301F-11D3-BF4B-00C04F79EFBC}") = "Hashtables", "Hashtables\Hashtables.csproj", "{B17E4E71-1A08-4A31-8204-8D7C7C496B04}"
EndProject
Project("{FAE04EC0-301F-11D3-BF4B-00C04F79EFBC}") = "Dictionaries", "Dictionaries\Dictionaries.csproj", "{9C4B6ACD-CDF4-4B8F-A16C-C0887834B8D4}"
EndProject
Project("{FAE04EC0-301F-11D3-BF4B-00C04F79EFBC}") = "TryCatch", "TryCatch\TryCatch.csproj", "{6E1116AA-A539-482C-BBED-796A799BC3D2}"
EndProject
Global
	GlobalSection(SolutionConfigurationPlatforms) = preSolution
		Debug|Any CPU = Debug|Any CPU
		Release|Any CPU = Release|Any CPU
	EndGlobalSection
	GlobalSection(ProjectConfigurationPlatforms) = postSolution
		{AB59DE81-A542-4DCE-804F-2D3B2BCEF237}.Debug|Any CPU.ActiveCfg = Debug|Any CPU
		{AB59DE81-A542-4DCE-804F-2D3B2BCEF237}.Debug|Any CPU.Build.0 = Debug|Any CPU
		{AB59DE81-A542-4DCE-804F-2D3B2BCEF237}.Release|Any CPU.ActiveCfg = Release|Any CPU
		{AB59DE81-A542-4DCE-804F-2D3B2BCEF237}.Release|Any CPU.Build.0 = Release|Any CPU
		{0583639B-32F0-44F7-AF11-0CBFE57C1D0C}.Debug|Any CPU.ActiveCfg = Debug|Any CPU
		{0583639B-32F0-44F7-AF11-0CBFE57C1D0C}.Debug|Any CPU.Build.0 = Debug|Any CPU
		{0583639B-32F0-44F7-AF11-0CBFE57C1D0C}.Release|Any CPU.ActiveCfg = Release|Any CPU
		{0583639B-32F0-44F7-AF11-0CBFE57C1D0C}.Release|Any CPU.Build.0 = Release|Any CPU
		{AF7BA198-4C13-4719-984F-716C98E68AAB}.Debug|Any CPU.ActiveCfg = Debug|Any CPU
		{AF7BA198-4C13-4719-984F-716C98E68AAB}.Debug|Any CPU.Build.0 = Debug|Any CPU
		{AF7BA198-4C13-4719-984F-716C98E68AAB}.Release|Any CPU.ActiveCfg = Release|Any CPU
		{AF7BA198-4C13-4719-984F-716C98E68AAB}.Release|Any CPU.Build.0 = Release|Any CPU
		{B17E4E71-1A08-4A31-8204-8D7C7C496B04}.Debug|Any CPU.ActiveCfg = Debug|Any CPU
		{B17E4E71-1A08-4A31-8204-8D7C7C496B04}.Debug|Any CPU.Build.0 = Debug|Any CPU
		{B17E4E71-1A08-4A31-8204-8D7C7C496B04}.Release|Any CPU.ActiveCfg = Release|Any CPU
		{B17E4E71-1A08-4A31-8204-8D7C7C496B04}.Release|Any CPU.Build.0 = Release|Any CPU
		{9C4B6ACD-CDF4-4B8F-A16C-C0887834B8D4}.Debug|Any CPU.ActiveCfg = Debug|Any CPU
		{9C4B6ACD-CDF4-4B8F-A16C-C0887834B8D4}.Debug|Any CPU.Build.0 = Debug|Any CPU
		{9C4B6ACD-CDF4-4B8F-A16C-C0887834B8D4}.Release|Any CPU.ActiveCfg = Release|Any CPU
		{9C4B6ACD-CDF4-4B8F-A16C-C0887834B8D4}.Release|Any CPU.Build.0 = Release|Any CPU
		{6E1116AA-A539-482C-BBED-796A799BC3D2}.Debug|Any CPU.ActiveCfg = Debug|Any CPU
		{6E1116AA-A539-482C-BBED-796A799BC3D2}.Debug|Any CPU.Build.0 = Debug|Any CPU
		{6E1116AA-A539-482C-BBED-796A799BC3D2}.Release|Any CPU.ActiveCfg = Release|Any CPU
		{6E1116AA-A539-482C-BBED-796A799BC3D2}.Release|Any CPU.Build.0 = Release|Any CPU
	EndGlobalSection
	GlobalSection(SolutionProperties) = preSolution
		HideSolutionNode = FALSE
	EndGlobalSection
EndGlobal
